
Microsoft Visual Studio Solution File, Format Version 12.00
# Visual Studio Version 17
VisualStudioVersion = 17.1.32210.238
MinimumVisualStudioVersion = 10.0.40219.1
Project("{FAE04EC0-301F-11D3-BF4B-00C04F79EFBC}") = "CalenderWebApi", "CalenderWebApi\CalenderWebApi.csproj", "{D54BF9BE-36E0-413B-A80F-8F65047201A8}"
EndProject
Global
	GlobalSection(SolutionConfigurationPlatforms) = preSolution
		Debug|Any CPU = Debug|Any CPU
		Release|Any CPU = Release|Any CPU
	EndGlobalSection
	GlobalSection(ProjectConfigurationPlatforms) = postSolution
		{D54BF9BE-36E0-413B-A80F-8F65047201A8}.Debug|Any CPU.ActiveCfg = Debug|Any CPU
		{D54BF9BE-36E0-413B-A80F-8F65047201A8}.Debug|Any CPU.Build.0 = Debug|Any CPU
		{D54BF9BE-36E0-413B-A80F-8F65047201A8}.Release|Any CPU.ActiveCfg = Release|Any CPU
		{D54BF9BE-36E0-413B-A80F-8F65047201A8}.Release|Any CPU.Build.0 = Release|Any CPU
	EndGlobalSection
	GlobalSection(SolutionProperties) = preSolution
		HideSolutionNode = FALSE
	EndGlobalSection
	GlobalSection(ExtensibilityGlobals) = postSolution
		SolutionGuid = {4832178D-6402-474F-8BED-A2CDAA0F53A9}
	EndGlobalSection
EndGlobal
